
Microsoft Visual Studio Solution File, Format Version 12.00
# Visual Studio Version 17
VisualStudioVersion = 17.3.32811.315
MinimumVisualStudioVersion = 10.0.40219.1
Project("{FAE04EC0-301F-11D3-BF4B-00C04F79EFBC}") = "ImagePicker.Android", "ImagePicker\ImagePicker.Android\ImagePicker.Android.csproj", "{97CBA072-43BF-4211-A4DD-5CBC00688C45}"
EndProject
Project("{FAE04EC0-301F-11D3-BF4B-00C04F79EFBC}") = "ImagePicker.iOS", "ImagePicker\ImagePicker.iOS\ImagePicker.iOS.csproj", "{A6460CDC-6680-4E4D-A6FD-6A66E7FE04CC}"
EndProject
Project("{FAE04EC0-301F-11D3-BF4B-00C04F79EFBC}") = "ImagePicker", "ImagePicker\ImagePicker\ImagePicker.csproj", "{29F1F532-5851-4CE1-979A-AEAC89AA3825}"
EndProject
Global
	GlobalSection(SolutionConfigurationPlatforms) = preSolution
		Debug|Any CPU = Debug|Any CPU
		Debug|iPhone = Debug|iPhone
		Debug|iPhoneSimulator = Debug|iPhoneSimulator
		Release|Any CPU = Release|Any CPU
		Release|iPhone = Release|iPhone
		Release|iPhoneSimulator = Release|iPhoneSimulator
	EndGlobalSection
	GlobalSection(ProjectConfigurationPlatforms) = postSolution
		{97CBA072-43BF-4211-A4DD-5CBC00688C45}.Debug|Any CPU.ActiveCfg = Debug|Any CPU
		{97CBA072-43BF-4211-A4DD-5CBC00688C45}.Debug|Any CPU.Build.0 = Debug|Any CPU
		{97CBA072-43BF-4211-A4DD-5CBC00688C45}.Debug|Any CPU.Deploy.0 = Debug|Any CPU
		{97CBA072-43BF-4211-A4DD-5CBC00688C45}.Debug|iPhone.ActiveCfg = Debug|Any CPU
		{97CBA072-43BF-4211-A4DD-5CBC00688C45}.Debug|iPhone.Build.0 = Debug|Any CPU
		{97CBA072-43BF-4211-A4DD-5CBC00688C45}.Debug|iPhone.Deploy.0 = Debug|Any CPU
		{97CBA072-43BF-4211-A4DD-5CBC00688C45}.Debug|iPhoneSimulator.ActiveCfg = Debug|Any CPU
		{97CBA072-43BF-4211-A4DD-5CBC00688C45}.Debug|iPhoneSimulator.Build.0 = Debug|Any CPU
		{97CBA072-43BF-4211-A4DD-5CBC00688C45}.Debug|iPhoneSimulator.Deploy.0 = Debug|Any CPU
		{97CBA072-43BF-4211-A4DD-5CBC00688C45}.Release|Any CPU.ActiveCfg = Release|Any CPU
		{97CBA072-43BF-4211-A4DD-5CBC00688C45}.Release|Any CPU.Build.0 = Release|Any CPU
		{97CBA072-43BF-4211-A4DD-5CBC00688C45}.Release|Any CPU.Deploy.0 = Release|Any CPU
		{97CBA072-43BF-4211-A4DD-5CBC00688C45}.Release|iPhone.ActiveCfg = Release|Any CPU
		{97CBA072-43BF-4211-A4DD-5CBC00688C45}.Release|iPhone.Build.0 = Release|Any CPU
		{97CBA072-43BF-4211-A4DD-5CBC00688C45}.Release|iPhone.Deploy.0 = Release|Any CPU
		{97CBA072-43BF-4211-A4DD-5CBC00688C45}.Release|iPhoneSimulator.ActiveCfg = Release|Any CPU
		{97CBA072-43BF-4211-A4DD-5CBC00688C45}.Release|iPhoneSimulator.Build.0 = Release|Any CPU
		{97CBA072-43BF-4211-A4DD-5CBC00688C45}.Release|iPhoneSimulator.Deploy.0 = Release|Any CPU
		{A6460CDC-6680-4E4D-A6FD-6A66E7FE04CC}.Debug|Any CPU.ActiveCfg = Debug|iPhone
		{A6460CDC-6680-4E4D-A6FD-6A66E7FE04CC}.Debug|Any CPU.Build.0 = Debug|iPhone
		{A6460CDC-6680-4E4D-A6FD-6A66E7FE04CC}.Debug|Any CPU.Deploy.0 = Debug|iPhone
		{A6460CDC-6680-4E4D-A6FD-6A66E7FE04CC}.Debug|iPhone.ActiveCfg = Debug|iPhone
		{A6460CDC-6680-4E4D-A6FD-6A66E7FE04CC}.Debug|iPhone.Build.0 = Debug|iPhone
		{A6460CDC-6680-4E4D-A6FD-6A66E7FE04CC}.Debug|iPhone.Deploy.0 = Debug|iPhone
		{A6460CDC-6680-4E4D-A6FD-6A66E7FE04CC}.Debug|iPhoneSimulator.ActiveCfg = Debug|iPhoneSimulator
		{A6460CDC-6680-4E4D-A6FD-6A66E7FE04CC}.Debug|iPhoneSimulator.Build.0 = Debug|iPhoneSimulator
		{A6460CDC-6680-4E4D-A6FD-6A66E7FE04CC}.Debug|iPhoneSimulator.Deploy.0 = Debug|iPhoneSimulator
		{A6460CDC-6680-4E4D-A6FD-6A66E7FE04CC}.Release|Any CPU.ActiveCfg = Release|iPhoneSimulator
		{A6460CDC-6680-4E4D-A6FD-6A66E7FE04CC}.Release|Any CPU.Build.0 = Release|iPhoneSimulator
		{A6460CDC-6680-4E4D-A6FD-6A66E7FE04CC}.Release|Any CPU.Deploy.0 = Release|iPhoneSimulator
		{A6460CDC-6680-4E4D-A6FD-6A66E7FE04CC}.Release|iPhone.ActiveCfg = Release|iPhone
		{A6460CDC-6680-4E4D-A6FD-6A66E7FE04CC}.Release|iPhone.Build.0 = Release|iPhone
		{A6460CDC-6680-4E4D-A6FD-6A66E7FE04CC}.Release|iPhone.Deploy.0 = Release|iPhone
		{A6460CDC-6680-4E4D-A6FD-6A66E7FE04CC}.Release|iPhoneSimulator.ActiveCfg = Release|iPhoneSimulator
		{A6460CDC-6680-4E4D-A6FD-6A66E7FE04CC}.Release|iPhoneSimulator.Build.0 = Release|iPhoneSimulator
		{A6460CDC-6680-4E4D-A6FD-6A66E7FE04CC}.Release|iPhoneSimulator.Deploy.0 = Release|iPhoneSimulator
		{29F1F532-5851-4CE1-979A-AEAC89AA3825}.Debug|Any CPU.ActiveCfg = Debug|Any CPU
		{29F1F532-5851-4CE1-979A-AEAC89AA3825}.Debug|Any CPU.Build.0 = Debug|Any CPU
		{29F1F532-5851-4CE1-979A-AEAC89AA3825}.Debug|Any CPU.Deploy.0 = Debug|Any CPU
		{29F1F532-5851-4CE1-979A-AEAC89AA3825}.Debug|iPhone.ActiveCfg = Debug|Any CPU
		{29F1F532-5851-4CE1-979A-AEAC89AA3825}.Debug|iPhone.Build.0 = Debug|Any CPU
		{29F1F532-5851-4CE1-979A-AEAC89AA3825}.Debug|iPhone.Deploy.0 = Debug|Any CPU
		{29F1F532-5851-4CE1-979A-AEAC89AA3825}.Debug|iPhoneSimulator.ActiveCfg = Debug|Any CPU
		{29F1F532-5851-4CE1-979A-AEAC89AA3825}.Debug|iPhoneSimulator.Build.0 = Debug|Any CPU
		{29F1F532-5851-4CE1-979A-AEAC89AA3825}.Debug|iPhoneSimulator.Deploy.0 = Debug|Any CPU
		{29F1F532-5851-4CE1-979A-AEAC89AA3825}.Release|Any CPU.ActiveCfg = Release|Any CPU
		{29F1F532-5851-4CE1-979A-AEAC89AA3825}.Release|Any CPU.Build.0 = Release|Any CPU
		{29F1F532-5851-4CE1-979A-AEAC89AA3825}.Release|Any CPU.Deploy.0 = Release|Any CPU
		{29F1F532-5851-4CE1-979A-AEAC89AA3825}.Release|iPhone.ActiveCfg = Release|Any CPU
		{29F1F532-5851-4CE1-979A-AEAC89AA3825}.Release|iPhone.Build.0 = Release|Any CPU
		{29F1F532-5851-4CE1-979A-AEAC89AA3825}.Release|iPhone.Deploy.0 = Release|Any CPU
		{29F1F532-5851-4CE1-979A-AEAC89AA3825}.Release|iPhoneSimulator.ActiveCfg = Release|Any CPU
		{29F1F532-5851-4CE1-979A-AEAC89AA3825}.Release|iPhoneSimulator.Build.0 = Release|Any CPU
		{29F1F532-5851-4CE1-979A-AEAC89AA3825}.Release|iPhoneSimulator.Deploy.0 = Release|Any CPU
	EndGlobalSection
	GlobalSection(SolutionProperties) = preSolution
		HideSolutionNode = FALSE
	EndGlobalSection
	GlobalSection(ExtensibilityGlobals) = postSolution
		SolutionGuid = {B253D9C4-22F1-4DF8-A129-D048B92D06D9}
	EndGlobalSection
EndGlobal
